
Microsoft Visual Studio Solution File, Format Version 12.00
# Visual Studio Version 17
VisualStudioVersion = 17.8.34330.188
MinimumVisualStudioVersion = 10.0.40219.1
Project("{9A19103F-16F7-4668-BE54-9A1E7A4F7556}") = "EmployeeApp", "EmployeeApp\EmployeeApp.csproj", "{38E0FDC0-AF28-4AAB-B152-1D1B46A04EA5}"
EndProject
Project("{FAE04EC0-301F-11D3-BF4B-00C04F79EFBC}") = "EmployeeApp.Infrastructre", "EmployeeApp.Infrastructre\EmployeeApp.Infrastructre.csproj", "{9F7F98E3-E7C8-489C-9D39-18DF554C8445}"
EndProject
Global
	GlobalSection(SolutionConfigurationPlatforms) = preSolution
		Debug|Any CPU = Debug|Any CPU
		Release|Any CPU = Release|Any CPU
	EndGlobalSection
	GlobalSection(ProjectConfigurationPlatforms) = postSolution
		{38E0FDC0-AF28-4AAB-B152-1D1B46A04EA5}.Debug|Any CPU.ActiveCfg = Debug|Any CPU
		{38E0FDC0-AF28-4AAB-B152-1D1B46A04EA5}.Debug|Any CPU.Build.0 = Debug|Any CPU
		{38E0FDC0-AF28-4AAB-B152-1D1B46A04EA5}.Release|Any CPU.ActiveCfg = Release|Any CPU
		{38E0FDC0-AF28-4AAB-B152-1D1B46A04EA5}.Release|Any CPU.Build.0 = Release|Any CPU
		{9F7F98E3-E7C8-489C-9D39-18DF554C8445}.Debug|Any CPU.ActiveCfg = Debug|Any CPU
		{9F7F98E3-E7C8-489C-9D39-18DF554C8445}.Debug|Any CPU.Build.0 = Debug|Any CPU
		{9F7F98E3-E7C8-489C-9D39-18DF554C8445}.Release|Any CPU.ActiveCfg = Release|Any CPU
		{9F7F98E3-E7C8-489C-9D39-18DF554C8445}.Release|Any CPU.Build.0 = Release|Any CPU
	EndGlobalSection
	GlobalSection(SolutionProperties) = preSolution
		HideSolutionNode = FALSE
	EndGlobalSection
	GlobalSection(ExtensibilityGlobals) = postSolution
		SolutionGuid = {7ECE3CC1-1E81-4EA1-AA88-CDE0D044B9FE}
	EndGlobalSection
EndGlobal
