
Microsoft Visual Studio Solution File, Format Version 12.00
# Visual Studio Version 17
VisualStudioVersion = 17.8.34330.188
MinimumVisualStudioVersion = 10.0.40219.1
Project("{9A19103F-16F7-4668-BE54-9A1E7A4F7556}") = "EmployeeApp", "EmployeeApp\EmployeeApp.csproj", "{38E0FDC0-AF28-4AAB-B152-1D1B46A04EA5}"
EndProject
Project("{9A19103F-16F7-4668-BE54-9A1E7A4F7556}") = "EmployeeApp.Infrastructre", "EmployeeApp.Infrastructre\EmployeeApp.Infrastructre.csproj", "{9F7F98E3-E7C8-489C-9D39-18DF554C8445}"
EndProject
Project("{9A19103F-16F7-4668-BE54-9A1E7A4F7556}") = "EmployeeApp.RazorApp", "EmployeeApp.RazorApp\EmployeeApp.RazorApp.csproj", "{54CB2DFF-DB1C-4B80-9A43-27E59A701050}"
EndProject
Project("{2150E333-8FDC-42A3-9474-1A3956D46DE8}") = "Output", "Output", "{EFDC0078-BBF3-454C-95FA-6E455BBC65C7}"
	ProjectSection(SolutionItems) = preProject
		C:\Users\Dell\Downloads\RazorCrud-Gif.gif = C:\Users\Dell\Downloads\RazorCrud-Gif.gif
	EndProjectSection
EndProject
Global
	GlobalSection(SolutionConfigurationPlatforms) = preSolution
		Debug|Any CPU = Debug|Any CPU
		Release|Any CPU = Release|Any CPU
	EndGlobalSection
	GlobalSection(ProjectConfigurationPlatforms) = postSolution
		{38E0FDC0-AF28-4AAB-B152-1D1B46A04EA5}.Debug|Any CPU.ActiveCfg = Debug|Any CPU
		{38E0FDC0-AF28-4AAB-B152-1D1B46A04EA5}.Debug|Any CPU.Build.0 = Debug|Any CPU
		{38E0FDC0-AF28-4AAB-B152-1D1B46A04EA5}.Release|Any CPU.ActiveCfg = Release|Any CPU
		{38E0FDC0-AF28-4AAB-B152-1D1B46A04EA5}.Release|Any CPU.Build.0 = Release|Any CPU
		{9F7F98E3-E7C8-489C-9D39-18DF554C8445}.Debug|Any CPU.ActiveCfg = Debug|Any CPU
		{9F7F98E3-E7C8-489C-9D39-18DF554C8445}.Debug|Any CPU.Build.0 = Debug|Any CPU
		{9F7F98E3-E7C8-489C-9D39-18DF554C8445}.Release|Any CPU.ActiveCfg = Release|Any CPU
		{9F7F98E3-E7C8-489C-9D39-18DF554C8445}.Release|Any CPU.Build.0 = Release|Any CPU
		{54CB2DFF-DB1C-4B80-9A43-27E59A701050}.Debug|Any CPU.ActiveCfg = Debug|Any CPU
		{54CB2DFF-DB1C-4B80-9A43-27E59A701050}.Debug|Any CPU.Build.0 = Debug|Any CPU
		{54CB2DFF-DB1C-4B80-9A43-27E59A701050}.Release|Any CPU.ActiveCfg = Release|Any CPU
		{54CB2DFF-DB1C-4B80-9A43-27E59A701050}.Release|Any CPU.Build.0 = Release|Any CPU
	EndGlobalSection
	GlobalSection(SolutionProperties) = preSolution
		HideSolutionNode = FALSE
	EndGlobalSection
	GlobalSection(ExtensibilityGlobals) = postSolution
		SolutionGuid = {7ECE3CC1-1E81-4EA1-AA88-CDE0D044B9FE}
	EndGlobalSection
EndGlobal
